
Microsoft Visual Studio Solution File, Format Version 12.00
# Visual Studio 14
VisualStudioVersion = 14.0.23107.0
MinimumVisualStudioVersion = 10.0.40219.1
Project("{FAE04EC0-301F-11D3-BF4B-00C04F79EFBC}") = "ServeurSide", "ServeurSide\ServeurSide.csproj", "{B4602766-EB1F-4FD4-958E-FD114A0B81AB}"
EndProject
Project("{FAE04EC0-301F-11D3-BF4B-00C04F79EFBC}") = "MusicStorer", "MusicStorer\MusicStorer.csproj", "{3B881F31-B4E7-4410-ADB7-09CB563DB227}"
EndProject
Project("{FAE04EC0-301F-11D3-BF4B-00C04F79EFBC}") = "DbAccess", "DbAccess\DbAccess.csproj", "{D6CD176D-D99B-4542-9D6B-FA4B0F96CB31}"
EndProject
Project("{FAE04EC0-301F-11D3-BF4B-00C04F79EFBC}") = "TypeScriptHTMLApp1", "TypeScriptHTMLApp1\TypeScriptHTMLApp1.csproj", "{2705E1D9-1323-4853-8AAE-A8C04C19308D}"
EndProject
Global
	GlobalSection(SolutionConfigurationPlatforms) = preSolution
		Debug|Any CPU = Debug|Any CPU
		Release|Any CPU = Release|Any CPU
	EndGlobalSection
	GlobalSection(ProjectConfigurationPlatforms) = postSolution
		{B4602766-EB1F-4FD4-958E-FD114A0B81AB}.Debug|Any CPU.ActiveCfg = Debug|Any CPU
		{B4602766-EB1F-4FD4-958E-FD114A0B81AB}.Debug|Any CPU.Build.0 = Debug|Any CPU
		{B4602766-EB1F-4FD4-958E-FD114A0B81AB}.Release|Any CPU.ActiveCfg = Release|Any CPU
		{B4602766-EB1F-4FD4-958E-FD114A0B81AB}.Release|Any CPU.Build.0 = Release|Any CPU
		{3B881F31-B4E7-4410-ADB7-09CB563DB227}.Debug|Any CPU.ActiveCfg = Debug|Any CPU
		{3B881F31-B4E7-4410-ADB7-09CB563DB227}.Debug|Any CPU.Build.0 = Debug|Any CPU
		{3B881F31-B4E7-4410-ADB7-09CB563DB227}.Release|Any CPU.ActiveCfg = Release|Any CPU
		{3B881F31-B4E7-4410-ADB7-09CB563DB227}.Release|Any CPU.Build.0 = Release|Any CPU
		{D6CD176D-D99B-4542-9D6B-FA4B0F96CB31}.Debug|Any CPU.ActiveCfg = Debug|Any CPU
		{D6CD176D-D99B-4542-9D6B-FA4B0F96CB31}.Debug|Any CPU.Build.0 = Debug|Any CPU
		{D6CD176D-D99B-4542-9D6B-FA4B0F96CB31}.Release|Any CPU.ActiveCfg = Release|Any CPU
		{D6CD176D-D99B-4542-9D6B-FA4B0F96CB31}.Release|Any CPU.Build.0 = Release|Any CPU
		{2705E1D9-1323-4853-8AAE-A8C04C19308D}.Debug|Any CPU.ActiveCfg = Debug|Any CPU
		{2705E1D9-1323-4853-8AAE-A8C04C19308D}.Debug|Any CPU.Build.0 = Debug|Any CPU
		{2705E1D9-1323-4853-8AAE-A8C04C19308D}.Release|Any CPU.ActiveCfg = Release|Any CPU
		{2705E1D9-1323-4853-8AAE-A8C04C19308D}.Release|Any CPU.Build.0 = Release|Any CPU
	EndGlobalSection
	GlobalSection(SolutionProperties) = preSolution
		HideSolutionNode = FALSE
	EndGlobalSection
EndGlobal
